
Microsoft Visual Studio Solution File, Format Version 12.00
# Visual Studio Version 17
VisualStudioVersion = 17.7.34003.232
MinimumVisualStudioVersion = 10.0.40219.1
Project("{9A19103F-16F7-4668-BE54-9A1E7A4F7556}") = "Api", "Api\Api.csproj", "{B2499EA5-C154-4F63-AEBB-CBBBBD275315}"
EndProject
Project("{2150E333-8FDC-42A3-9474-1A3956D46DE8}") = "src", "src", "{2DA912D8-BA40-4DF8-8FFF-969F586C93FC}"
EndProject
Project("{2150E333-8FDC-42A3-9474-1A3956D46DE8}") = "tests", "tests", "{9066B4C8-5D63-4AFA-9FDF-9080EC098819}"
EndProject
Project("{9A19103F-16F7-4668-BE54-9A1E7A4F7556}") = "Core", "Core\Core.csproj", "{BEFD5DDA-3631-4121-939A-D7600BC23401}"
EndProject
Project("{9A19103F-16F7-4668-BE54-9A1E7A4F7556}") = "Infrastructure", "Infrastructure\Infrastructure.csproj", "{CBA7D154-6B98-44F1-9251-4369F101FF34}"
EndProject
Project("{2150E333-8FDC-42A3-9474-1A3956D46DE8}") = "api", "api", "{C1145C58-31A3-4B5E-920D-B8801714536D}"
EndProject
Global
	GlobalSection(SolutionConfigurationPlatforms) = preSolution
		Debug|Any CPU = Debug|Any CPU
		Release|Any CPU = Release|Any CPU
	EndGlobalSection
	GlobalSection(ProjectConfigurationPlatforms) = postSolution
		{B2499EA5-C154-4F63-AEBB-CBBBBD275315}.Debug|Any CPU.ActiveCfg = Debug|Any CPU
		{B2499EA5-C154-4F63-AEBB-CBBBBD275315}.Debug|Any CPU.Build.0 = Debug|Any CPU
		{B2499EA5-C154-4F63-AEBB-CBBBBD275315}.Release|Any CPU.ActiveCfg = Release|Any CPU
		{B2499EA5-C154-4F63-AEBB-CBBBBD275315}.Release|Any CPU.Build.0 = Release|Any CPU
		{BEFD5DDA-3631-4121-939A-D7600BC23401}.Debug|Any CPU.ActiveCfg = Debug|Any CPU
		{BEFD5DDA-3631-4121-939A-D7600BC23401}.Debug|Any CPU.Build.0 = Debug|Any CPU
		{BEFD5DDA-3631-4121-939A-D7600BC23401}.Release|Any CPU.ActiveCfg = Release|Any CPU
		{BEFD5DDA-3631-4121-939A-D7600BC23401}.Release|Any CPU.Build.0 = Release|Any CPU
		{CBA7D154-6B98-44F1-9251-4369F101FF34}.Debug|Any CPU.ActiveCfg = Debug|Any CPU
		{CBA7D154-6B98-44F1-9251-4369F101FF34}.Debug|Any CPU.Build.0 = Debug|Any CPU
		{CBA7D154-6B98-44F1-9251-4369F101FF34}.Release|Any CPU.ActiveCfg = Release|Any CPU
		{CBA7D154-6B98-44F1-9251-4369F101FF34}.Release|Any CPU.Build.0 = Release|Any CPU
	EndGlobalSection
	GlobalSection(SolutionProperties) = preSolution
		HideSolutionNode = FALSE
	EndGlobalSection
	GlobalSection(NestedProjects) = preSolution
		{B2499EA5-C154-4F63-AEBB-CBBBBD275315} = {2DA912D8-BA40-4DF8-8FFF-969F586C93FC}
		{2DA912D8-BA40-4DF8-8FFF-969F586C93FC} = {C1145C58-31A3-4B5E-920D-B8801714536D}
		{9066B4C8-5D63-4AFA-9FDF-9080EC098819} = {C1145C58-31A3-4B5E-920D-B8801714536D}
		{BEFD5DDA-3631-4121-939A-D7600BC23401} = {2DA912D8-BA40-4DF8-8FFF-969F586C93FC}
		{CBA7D154-6B98-44F1-9251-4369F101FF34} = {2DA912D8-BA40-4DF8-8FFF-969F586C93FC}
	EndGlobalSection
	GlobalSection(ExtensibilityGlobals) = postSolution
		SolutionGuid = {2F92E82F-B6AA-4F55-AC21-061C7FC8A65D}
	EndGlobalSection
EndGlobal
